
Microsoft Visual Studio Solution File, Format Version 12.00
# Visual Studio Version 17
VisualStudioVersion = 17.4.33110.190
MinimumVisualStudioVersion = 10.0.40219.1
Project("{888888A0-9F3D-457C-B088-3A5042F75D52}") = "Image-Processing-Numpy", "Image-Processing-Numpy.pyproj", "{CC93C69D-877A-4316-A8D6-7035577E145B}"
EndProject
Global
	GlobalSection(SolutionConfigurationPlatforms) = preSolution
		Debug|Any CPU = Debug|Any CPU
		Release|Any CPU = Release|Any CPU
	EndGlobalSection
	GlobalSection(ProjectConfigurationPlatforms) = postSolution
		{CC93C69D-877A-4316-A8D6-7035577E145B}.Debug|Any CPU.ActiveCfg = Debug|Any CPU
		{CC93C69D-877A-4316-A8D6-7035577E145B}.Release|Any CPU.ActiveCfg = Release|Any CPU
	EndGlobalSection
	GlobalSection(SolutionProperties) = preSolution
		HideSolutionNode = FALSE
	EndGlobalSection
	GlobalSection(ExtensibilityGlobals) = postSolution
		SolutionGuid = {67D1331D-3512-426D-BFC6-9E44406E7C1C}
	EndGlobalSection
EndGlobal
